// !$*UTF8*$!
{
	archiveVersion = 1;
	classes = {
	};
	objectVersion = 46;
	objects = {

/* Begin PBXBuildFile section */
		550A47D11E03AFCE008A3E1C /* SocialMedia.swift in Sources */ = {isa = PBXBuildFile; fileRef = 550A47D01E03AFCE008A3E1C /* SocialMedia.swift */; };
		5531D8701E00F1D000FBC207 /* AppDelegate.swift in Sources */ = {isa = PBXBuildFile; fileRef = 5531D86F1E00F1D000FBC207 /* AppDelegate.swift */; };
		5531D8721E00F1D000FBC207 /* FirstViewController.swift in Sources */ = {isa = PBXBuildFile; fileRef = 5531D8711E00F1D000FBC207 /* FirstViewController.swift */; };
		5531D8741E00F1D000FBC207 /* SecondViewController.swift in Sources */ = {isa = PBXBuildFile; fileRef = 5531D8731E00F1D000FBC207 /* SecondViewController.swift */; };
		5531D8771E00F1D000FBC207 /* Main.storyboard in Resources */ = {isa = PBXBuildFile; fileRef = 5531D8751E00F1D000FBC207 /* Main.storyboard */; };
		5531D8791E00F1D000FBC207 /* Assets.xcassets in Resources */ = {isa = PBXBuildFile; fileRef = 5531D8781E00F1D000FBC207 /* Assets.xcassets */; };
		5531D87C1E00F1D000FBC207 /* LaunchScreen.storyboard in Resources */ = {isa = PBXBuildFile; fileRef = 5531D87A1E00F1D000FBC207 /* LaunchScreen.storyboard */; };
		5531D8871E00F1D000FBC207 /* greetAlpha2Tests.swift in Sources */ = {isa = PBXBuildFile; fileRef = 5531D8861E00F1D000FBC207 /* greetAlpha2Tests.swift */; };
		5531D8921E00F24700FBC207 /* ThirdViewController.swift in Sources */ = {isa = PBXBuildFile; fileRef = 5531D8911E00F24700FBC207 /* ThirdViewController.swift */; };
		55CA3C461E0C790A00B82FF4 /* Settings.swift in Sources */ = {isa = PBXBuildFile; fileRef = 55CA3C451E0C790A00B82FF4 /* Settings.swift */; };
/* End PBXBuildFile section */

/* Begin PBXContainerItemProxy section */
		5531D8831E00F1D000FBC207 /* PBXContainerItemProxy */ = {
			isa = PBXContainerItemProxy;
			containerPortal = 5531D8641E00F1D000FBC207 /* Project object */;
			proxyType = 1;
			remoteGlobalIDString = 5531D86B1E00F1D000FBC207;
			remoteInfo = greetAlpha2;
		};
/* End PBXContainerItemProxy section */

/* Begin PBXFileReference section */
		550A47D01E03AFCE008A3E1C /* SocialMedia.swift */ = {isa = PBXFileReference; fileEncoding = 4; lastKnownFileType = sourcecode.swift; path = SocialMedia.swift; sourceTree = "<group>"; };
		5531D86C1E00F1D000FBC207 /* greetAlpha2.app */ = {isa = PBXFileReference; explicitFileType = wrapper.application; includeInIndex = 0; path = greetAlpha2.app; sourceTree = BUILT_PRODUCTS_DIR; };
		5531D86F1E00F1D000FBC207 /* AppDelegate.swift */ = {isa = PBXFileReference; lastKnownFileType = sourcecode.swift; path = AppDelegate.swift; sourceTree = "<group>"; };
		5531D8711E00F1D000FBC207 /* FirstViewController.swift */ = {isa = PBXFileReference; lastKnownFileType = sourcecode.swift; path = FirstViewController.swift; sourceTree = "<group>"; };
		5531D8731E00F1D000FBC207 /* SecondViewController.swift */ = {isa = PBXFileReference; lastKnownFileType = sourcecode.swift; path = SecondViewController.swift; sourceTree = "<group>"; };
		5531D8761E00F1D000FBC207 /* Base */ = {isa = PBXFileReference; lastKnownFileType = file.storyboard; name = Base; path = Base.lproj/Main.storyboard; sourceTree = "<group>"; };
		5531D8781E00F1D000FBC207 /* Assets.xcassets */ = {isa = PBXFileReference; lastKnownFileType = folder.assetcatalog; path = Assets.xcassets; sourceTree = "<group>"; };
		5531D87B1E00F1D000FBC207 /* Base */ = {isa = PBXFileReference; lastKnownFileType = file.storyboard; name = Base; path = Base.lproj/LaunchScreen.storyboard; sourceTree = "<group>"; };
		5531D87D1E00F1D000FBC207 /* Info.plist */ = {isa = PBXFileReference; lastKnownFileType = text.plist.xml; path = Info.plist; sourceTree = "<group>"; };
		5531D8821E00F1D000FBC207 /* greetAlpha2Tests.xctest */ = {isa = PBXFileReference; explicitFileType = wrapper.cfbundle; includeInIndex = 0; path = greetAlpha2Tests.xctest; sourceTree = BUILT_PRODUCTS_DIR; };
		5531D8861E00F1D000FBC207 /* greetAlpha2Tests.swift */ = {isa = PBXFileReference; lastKnownFileType = sourcecode.swift; path = greetAlpha2Tests.swift; sourceTree = "<group>"; };
		5531D8881E00F1D000FBC207 /* Info.plist */ = {isa = PBXFileReference; lastKnownFileType = text.plist.xml; path = Info.plist; sourceTree = "<group>"; };
		5531D8911E00F24700FBC207 /* ThirdViewController.swift */ = {isa = PBXFileReference; fileEncoding = 4; lastKnownFileType = sourcecode.swift; path = ThirdViewController.swift; sourceTree = "<group>"; };
		55CA3C451E0C790A00B82FF4 /* Settings.swift */ = {isa = PBXFileReference; fileEncoding = 4; lastKnownFileType = sourcecode.swift; path = Settings.swift; sourceTree = "<group>"; };
/* End PBXFileReference section */

/* Begin PBXFrameworksBuildPhase section */
		5531D8691E00F1D000FBC207 /* Frameworks */ = {
			isa = PBXFrameworksBuildPhase;
			buildActionMask = 2147483647;
			files = (
			);
			runOnlyForDeploymentPostprocessing = 0;
		};
		5531D87F1E00F1D000FBC207 /* Frameworks */ = {
			isa = PBXFrameworksBuildPhase;
			buildActionMask = 2147483647;
			files = (
			);
			runOnlyForDeploymentPostprocessing = 0;
		};
/* End PBXFrameworksBuildPhase section */

/* Begin PBXGroup section */
		5531D8631E00F1D000FBC207 = {
			isa = PBXGroup;
			children = (
				5531D86E1E00F1D000FBC207 /* greetAlpha2 */,
				5531D8851E00F1D000FBC207 /* greetAlpha2Tests */,
				5531D86D1E00F1D000FBC207 /* Products */,
			);
			sourceTree = "<group>";
		};
		5531D86D1E00F1D000FBC207 /* Products */ = {
			isa = PBXGroup;
			children = (
				5531D86C1E00F1D000FBC207 /* greetAlpha2.app */,
				5531D8821E00F1D000FBC207 /* greetAlpha2Tests.xctest */,
			);
			name = Products;
			sourceTree = "<group>";
		};
		5531D86E1E00F1D000FBC207 /* greetAlpha2 */ = {
			isa = PBXGroup;
			children = (
				5531D86F1E00F1D000FBC207 /* AppDelegate.swift */,
				5531D8711E00F1D000FBC207 /* FirstViewController.swift */,
				5531D8731E00F1D000FBC207 /* SecondViewController.swift */,
				5531D8911E00F24700FBC207 /* ThirdViewController.swift */,
				5531D8751E00F1D000FBC207 /* Main.storyboard */,
				55CA3C451E0C790A00B82FF4 /* Settings.swift */,
				550A47D01E03AFCE008A3E1C /* SocialMedia.swift */,
				5531D8781E00F1D000FBC207 /* Assets.xcassets */,
				5531D87A1E00F1D000FBC207 /* LaunchScreen.storyboard */,
				5531D87D1E00F1D000FBC207 /* Info.plist */,
			);
			path = greetAlpha2;
			sourceTree = "<group>";
		};
		5531D8851E00F1D000FBC207 /* greetAlpha2Tests */ = {
			isa = PBXGroup;
			children = (
				5531D8861E00F1D000FBC207 /* greetAlpha2Tests.swift */,
				5531D8881E00F1D000FBC207 /* Info.plist */,
			);
			path = greetAlpha2Tests;
			sourceTree = "<group>";
		};
/* End PBXGroup section */

/* Begin PBXNativeTarget section */
		5531D86B1E00F1D000FBC207 /* greetAlpha2 */ = {
			isa = PBXNativeTarget;
			buildConfigurationList = 5531D88B1E00F1D000FBC207 /* Build configuration list for PBXNativeTarget "greetAlpha2" */;
			buildPhases = (
				5531D8681E00F1D000FBC207 /* Sources */,
				5531D8691E00F1D000FBC207 /* Frameworks */,
				5531D86A1E00F1D000FBC207 /* Resources */,
			);
			buildRules = (
			);
			dependencies = (
			);
			name = greetAlpha2;
			productName = greetAlpha2;
			productReference = 5531D86C1E00F1D000FBC207 /* greetAlpha2.app */;
			productType = "com.apple.product-type.application";
		};
		5531D8811E00F1D000FBC207 /* greetAlpha2Tests */ = {
			isa = PBXNativeTarget;
			buildConfigurationList = 5531D88E1E00F1D000FBC207 /* Build configuration list for PBXNativeTarget "greetAlpha2Tests" */;
			buildPhases = (
				5531D87E1E00F1D000FBC207 /* Sources */,
				5531D87F1E00F1D000FBC207 /* Frameworks */,
				5531D8801E00F1D000FBC207 /* Resources */,
			);
			buildRules = (
			);
			dependencies = (
				5531D8841E00F1D000FBC207 /* PBXTargetDependency */,
			);
			name = greetAlpha2Tests;
			productName = greetAlpha2Tests;
			productReference = 5531D8821E00F1D000FBC207 /* greetAlpha2Tests.xctest */;
			productType = "com.apple.product-type.bundle.unit-test";
		};
/* End PBXNativeTarget section */

/* Begin PBXProject section */
		5531D8641E00F1D000FBC207 /* Project object */ = {
			isa = PBXProject;
			attributes = {
				LastSwiftUpdateCheck = 0820;
				LastUpgradeCheck = 0820;
				ORGANIZATIONNAME = MyTech;
				TargetAttributes = {
					5531D86B1E00F1D000FBC207 = {
						CreatedOnToolsVersion = 8.2;
						ProvisioningStyle = Automatic;
					};
					5531D8811E00F1D000FBC207 = {
						CreatedOnToolsVersion = 8.2;
						ProvisioningStyle = Automatic;
						TestTargetID = 5531D86B1E00F1D000FBC207;
					};
				};
			};
			buildConfigurationList = 5531D8671E00F1D000FBC207 /* Build configuration list for PBXProject "greetAlpha2" */;
			compatibilityVersion = "Xcode 3.2";
			developmentRegion = English;
			hasScannedForEncodings = 0;
			knownRegions = (
				en,
				Base,
			);
			mainGroup = 5531D8631E00F1D000FBC207;
			productRefGroup = 5531D86D1E00F1D000FBC207 /* Products */;
			projectDirPath = "";
			projectRoot = "";
			targets = (
				5531D86B1E00F1D000FBC207 /* greetAlpha2 */,
				5531D8811E00F1D000FBC207 /* greetAlpha2Tests */,
			);
		};
/* End PBXProject section */

/* Begin PBXResourcesBuildPhase section */
		5531D86A1E00F1D000FBC207 /* Resources */ = {
			isa = PBXResourcesBuildPhase;
			buildActionMask = 2147483647;
			files = (
				5531D87C1E00F1D000FBC207 /* LaunchScreen.storyboard in Resources */,
				5531D8791E00F1D000FBC207 /* Assets.xcassets in Resources */,
				5531D8771E00F1D000FBC207 /* Main.storyboard in Resources */,
			);
			runOnlyForDeploymentPostprocessing = 0;
		};
		5531D8801E00F1D000FBC207 /* Resources */ = {
			isa = PBXResourcesBuildPhase;
			buildActionMask = 2147483647;
			files = (
			);
			runOnlyForDeploymentPostprocessing = 0;
		};
/* End PBXResourcesBuildPhase section */

/* Begin PBXSourcesBuildPhase section */
		5531D8681E00F1D000FBC207 /* Sources */ = {
			isa = PBXSourcesBuildPhase;
			buildActionMask = 2147483647;
			files = (
				55CA3C461E0C790A00B82FF4 /* Settings.swift in Sources */,
				5531D8741E00F1D000FBC207 /* SecondViewController.swift in Sources */,
				5531D8701E00F1D000FBC207 /* AppDelegate.swift in Sources */,
				5531D8921E00F24700FBC207 /* ThirdViewController.swift in Sources */,
				5531D8721E00F1D000FBC207 /* FirstViewController.swift in Sources */,
				550A47D11E03AFCE008A3E1C /* SocialMedia.swift in Sources */,
			);
			runOnlyForDeploymentPostprocessing = 0;
		};
		5531D87E1E00F1D000FBC207 /* Sources */ = {
			isa = PBXSourcesBuildPhase;
			buildActionMask = 2147483647;
			files = (
				5531D8871E00F1D000FBC207 /* greetAlpha2Tests.swift in Sources */,
			);
			runOnlyForDeploymentPostprocessing = 0;
		};
/* End PBXSourcesBuildPhase section */

/* Begin PBXTargetDependency section */
		5531D8841E00F1D000FBC207 /* PBXTargetDependency */ = {
			isa = PBXTargetDependency;
			target = 5531D86B1E00F1D000FBC207 /* greetAlpha2 */;
			targetProxy = 5531D8831E00F1D000FBC207 /* PBXContainerItemProxy */;
		};
/* End PBXTargetDependency section */

/* Begin PBXVariantGroup section */
		5531D8751E00F1D000FBC207 /* Main.storyboard */ = {
			isa = PBXVariantGroup;
			children = (
				5531D8761E00F1D000FBC207 /* Base */,
			);
			name = Main.storyboard;
			sourceTree = "<group>";
		};
		5531D87A1E00F1D000FBC207 /* LaunchScreen.storyboard */ = {
			isa = PBXVariantGroup;
			children = (
				5531D87B1E00F1D000FBC207 /* Base */,
			);
			name = LaunchScreen.storyboard;
			sourceTree = "<group>";
		};
/* End PBXVariantGroup section */

/* Begin XCBuildConfiguration section */
		5531D8891E00F1D000FBC207 /* Debug */ = {
			isa = XCBuildConfiguration;
			buildSettings = {
				ALWAYS_SEARCH_USER_PATHS = NO;
				CLANG_ANALYZER_NONNULL = YES;
				CLANG_CXX_LANGUAGE_STANDARD = "gnu++0x";
				CLANG_CXX_LIBRARY = "libc++";
				CLANG_ENABLE_MODULES = YES;
				CLANG_ENABLE_OBJC_ARC = YES;
				CLANG_WARN_BOOL_CONVERSION = YES;
				CLANG_WARN_CONSTANT_CONVERSION = YES;
				CLANG_WARN_DIRECT_OBJC_ISA_USAGE = YES_ERROR;
				CLANG_WARN_DOCUMENTATION_COMMENTS = YES;
				CLANG_WARN_EMPTY_BODY = YES;
				CLANG_WARN_ENUM_CONVERSION = YES;
				CLANG_WARN_INFINITE_RECURSION = YES;
				CLANG_WARN_INT_CONVERSION = YES;
				CLANG_WARN_OBJC_ROOT_CLASS = YES_ERROR;
				CLANG_WARN_SUSPICIOUS_MOVE = YES;
				CLANG_WARN_UNREACHABLE_CODE = YES;
				CLANG_WARN__DUPLICATE_METHOD_MATCH = YES;
				"CODE_SIGN_IDENTITY[sdk=iphoneos*]" = "iPhone Developer";
				COPY_PHASE_STRIP = NO;
				DEBUG_INFORMATION_FORMAT = dwarf;
				ENABLE_STRICT_OBJC_MSGSEND = YES;
				ENABLE_TESTABILITY = YES;
				GCC_C_LANGUAGE_STANDARD = gnu99;
				GCC_DYNAMIC_NO_PIC = NO;
				GCC_NO_COMMON_BLOCKS = YES;
				GCC_OPTIMIZATION_LEVEL = 0;
				GCC_PREPROCESSOR_DEFINITIONS = (
					"DEBUG=1",
					"$(inherited)",
				);
				GCC_WARN_64_TO_32_BIT_CONVERSION = YES;
				GCC_WARN_ABOUT_RETURN_TYPE = YES_ERROR;
				GCC_WARN_UNDECLARED_SELECTOR = YES;
				GCC_WARN_UNINITIALIZED_AUTOS = YES_AGGRESSIVE;
				GCC_WARN_UNUSED_FUNCTION = YES;
				GCC_WARN_UNUSED_VARIABLE = YES;
				IPHONEOS_DEPLOYMENT_TARGET = 10.2;
				MTL_ENABLE_DEBUG_INFO = YES;
				ONLY_ACTIVE_ARCH = YES;
				SDKROOT = iphoneos;
				SWIFT_ACTIVE_COMPILATION_CONDITIONS = DEBUG;
				SWIFT_OPTIMIZATION_LEVEL = "-Onone";
			};
			name = Debug;
		};
		5531D88A1E00F1D000FBC207 /* Release */ = {
			isa = XCBuildConfiguration;
			buildSettings = {
				ALWAYS_SEARCH_USER_PATHS = NO;
				CLANG_ANALYZER_NONNULL = YES;
				CLANG_CXX_LANGUAGE_STANDARD = "gnu++0x";
				CLANG_CXX_LIBRARY = "libc++";
				CLANG_ENABLE_MODULES = YES;
				CLANG_ENABLE_OBJC_ARC = YES;
				CLANG_WARN_BOOL_CONVERSION = YES;
				CLANG_WARN_CONSTANT_CONVERSION = YES;
				CLANG_WARN_DIRECT_OBJC_ISA_USAGE = YES_ERROR;
				CLANG_WARN_DOCUMENTATION_COMMENTS = YES;
				CLANG_WARN_EMPTY_BODY = YES;
				CLANG_WARN_ENUM_CONVERSION = YES;
				CLANG_WARN_INFINITE_RECURSION = YES;
				CLANG_WARN_INT_CONVERSION = YES;
				CLANG_WARN_OBJC_ROOT_CLASS = YES_ERROR;
				CLANG_WARN_SUSPICIOUS_MOVE = YES;
				CLANG_WARN_UNREACHABLE_CODE = YES;
				CLANG_WARN__DUPLICATE_METHOD_MATCH = YES;
				"CODE_SIGN_IDENTITY[sdk=iphoneos*]" = "iPhone Developer";
				COPY_PHASE_STRIP = NO;
				DEBUG_INFORMATION_FORMAT = "dwarf-with-dsym";
				ENABLE_NS_ASSERTIONS = NO;
				ENABLE_STRICT_OBJC_MSGSEND = YES;
				GCC_C_LANGUAGE_STANDARD = gnu99;
				GCC_NO_COMMON_BLOCKS = YES;
				GCC_WARN_64_TO_32_BIT_CONVERSION = YES;
				GCC_WARN_ABOUT_RETURN_TYPE = YES_ERROR;
				GCC_WARN_UNDECLARED_SELECTOR = YES;
				GCC_WARN_UNINITIALIZED_AUTOS = YES_AGGRESSIVE;
				GCC_WARN_UNUSED_FUNCTION = YES;
				GCC_WARN_UNUSED_VARIABLE = YES;
				IPHONEOS_DEPLOYMENT_TARGET = 10.2;
				MTL_ENABLE_DEBUG_INFO = NO;
				SDKROOT = iphoneos;
				SWIFT_OPTIMIZATION_LEVEL = "-Owholemodule";
				VALIDATE_PRODUCT = YES;
			};
			name = Release;
		};
		5531D88C1E00F1D000FBC207 /* Debug */ = {
			isa = XCBuildConfiguration;
			buildSettings = {
				ASSETCATALOG_COMPILER_APPICON_NAME = AppIcon;
				INFOPLIST_FILE = greetAlpha2/Info.plist;
				LD_RUNPATH_SEARCH_PATHS = "$(inherited) @executable_path/Frameworks";
				PRODUCT_BUNDLE_IDENTIFIER = com.MyTech.greetAlpha2;
				PRODUCT_NAME = "$(TARGET_NAME)";
				SWIFT_VERSION = 3.0;
			};
			name = Debug;
		};
		5531D88D1E00F1D000FBC207 /* Release */ = {
			isa = XCBuildConfiguration;
			buildSettings = {
				ASSETCATALOG_COMPILER_APPICON_NAME = AppIcon;
				INFOPLIST_FILE = greetAlpha2/Info.plist;
				LD_RUNPATH_SEARCH_PATHS = "$(inherited) @executable_path/Frameworks";
				PRODUCT_BUNDLE_IDENTIFIER = com.MyTech.greetAlpha2;
				PRODUCT_NAME = "$(TARGET_NAME)";
				SWIFT_VERSION = 3.0;
			};
			name = Release;
		};
		5531D88F1E00F1D000FBC207 /* Debug */ = {
			isa = XCBuildConfiguration;
			buildSettings = {
				ALWAYS_EMBED_SWIFT_STANDARD_LIBRARIES = YES;
				BUNDLE_LOADER = "$(TEST_HOST)";
				INFOPLIST_FILE = greetAlpha2Tests/Info.plist;
				LD_RUNPATH_SEARCH_PATHS = "$(inherited) @executable_path/Frameworks @loader_path/Frameworks";
				PRODUCT_BUNDLE_IDENTIFIER = com.MyTech.greetAlpha2Tests;
				PRODUCT_NAME = "$(TARGET_NAME)";
				SWIFT_VERSION = 3.0;
				TEST_HOST = "$(BUILT_PRODUCTS_DIR)/greetAlpha2.app/greetAlpha2";
			};
			name = Debug;
		};
		5531D8901E00F1D000FBC207 /* Release */ = {
			isa = XCBuildConfiguration;
			buildSettings = {
				ALWAYS_EMBED_SWIFT_STANDARD_LIBRARIES = YES;
				BUNDLE_LOADER = "$(TEST_HOST)";
				INFOPLIST_FILE = greetAlpha2Tests/Info.plist;
				LD_RUNPATH_SEARCH_PATHS = "$(inherited) @executable_path/Frameworks @loader_path/Frameworks";
				PRODUCT_BUNDLE_IDENTIFIER = com.MyTech.greetAlpha2Tests;
				PRODUCT_NAME = "$(TARGET_NAME)";
				SWIFT_VERSION = 3.0;
				TEST_HOST = "$(BUILT_PRODUCTS_DIR)/greetAlpha2.app/greetAlpha2";
			};
			name = Release;
		};
/* End XCBuildConfiguration section */

/* Begin XCConfigurationList section */
		5531D8671E00F1D000FBC207 /* Build configuration list for PBXProject "greetAlpha2" */ = {
			isa = XCConfigurationList;
			buildConfigurations = (
				5531D8891E00F1D000FBC207 /* Debug */,
				5531D88A1E00F1D000FBC207 /* Release */,
			);
			defaultConfigurationIsVisible = 0;
			defaultConfigurationName = Release;
		};
		5531D88B1E00F1D000FBC207 /* Build configuration list for PBXNativeTarget "greetAlpha2" */ = {
			isa = XCConfigurationList;
			buildConfigurations = (
				5531D88C1E00F1D000FBC207 /* Debug */,
				5531D88D1E00F1D000FBC207 /* Release */,
			);
			defaultConfigurationIsVisible = 0;
			defaultConfigurationName = Release;
		};
		5531D88E1E00F1D000FBC207 /* Build configuration list for PBXNativeTarget "greetAlpha2Tests" */ = {
			isa = XCConfigurationList;
			buildConfigurations = (
				5531D88F1E00F1D000FBC207 /* Debug */,
				5531D8901E00F1D000FBC207 /* Release */,
			);
			defaultConfigurationIsVisible = 0;
			defaultConfigurationName = Release;
		};
/* End XCConfigurationList section */
	};
	rootObject = 5531D8641E00F1D000FBC207 /* Project object */;
}
